
Microsoft Visual Studio Solution File, Format Version 12.00
# Visual Studio Version 17
VisualStudioVersion = 17.5.33530.505
MinimumVisualStudioVersion = 10.0.40219.1
Project("{8BC9CEB8-8B4A-11D0-8D11-00A0C91BC942}") = "04_Extension3_Clear", "04_Extension3_Clear\04_Extension3_Clear.vcxproj", "{99139DD7-01A3-4575-A55F-98FE695772ED}"
EndProject
Global
	GlobalSection(SolutionConfigurationPlatforms) = preSolution
		Debug|x64 = Debug|x64
		Debug|x86 = Debug|x86
		Release|x64 = Release|x64
		Release|x86 = Release|x86
	EndGlobalSection
	GlobalSection(ProjectConfigurationPlatforms) = postSolution
		{99139DD7-01A3-4575-A55F-98FE695772ED}.Debug|x64.ActiveCfg = Debug|x64
		{99139DD7-01A3-4575-A55F-98FE695772ED}.Debug|x64.Build.0 = Debug|x64
		{99139DD7-01A3-4575-A55F-98FE695772ED}.Debug|x86.ActiveCfg = Debug|Win32
		{99139DD7-01A3-4575-A55F-98FE695772ED}.Debug|x86.Build.0 = Debug|Win32
		{99139DD7-01A3-4575-A55F-98FE695772ED}.Release|x64.ActiveCfg = Release|x64
		{99139DD7-01A3-4575-A55F-98FE695772ED}.Release|x64.Build.0 = Release|x64
		{99139DD7-01A3-4575-A55F-98FE695772ED}.Release|x86.ActiveCfg = Release|Win32
		{99139DD7-01A3-4575-A55F-98FE695772ED}.Release|x86.Build.0 = Release|Win32
	EndGlobalSection
	GlobalSection(SolutionProperties) = preSolution
		HideSolutionNode = FALSE
	EndGlobalSection
	GlobalSection(ExtensibilityGlobals) = postSolution
		SolutionGuid = {7C85BEF2-37AD-4C6F-8835-7EACFDEF9D50}
	EndGlobalSection
EndGlobal
