
Microsoft Visual Studio Solution File, Format Version 12.00
# Visual Studio Version 17
VisualStudioVersion = 17.5.33530.505
MinimumVisualStudioVersion = 10.0.40219.1
Project("{8BC9CEB8-8B4A-11D0-8D11-00A0C91BC942}") = "25_ApplyPermiss", "25_ApplyPermiss\25_ApplyPermiss.vcxproj", "{4352BEBE-CD48-4049-B699-4653F1851BCC}"
EndProject
Global
	GlobalSection(SolutionConfigurationPlatforms) = preSolution
		Debug|x64 = Debug|x64
		Debug|x86 = Debug|x86
		Release|x64 = Release|x64
		Release|x86 = Release|x86
	EndGlobalSection
	GlobalSection(ProjectConfigurationPlatforms) = postSolution
		{4352BEBE-CD48-4049-B699-4653F1851BCC}.Debug|x64.ActiveCfg = Debug|x64
		{4352BEBE-CD48-4049-B699-4653F1851BCC}.Debug|x64.Build.0 = Debug|x64
		{4352BEBE-CD48-4049-B699-4653F1851BCC}.Debug|x86.ActiveCfg = Debug|Win32
		{4352BEBE-CD48-4049-B699-4653F1851BCC}.Debug|x86.Build.0 = Debug|Win32
		{4352BEBE-CD48-4049-B699-4653F1851BCC}.Release|x64.ActiveCfg = Release|x64
		{4352BEBE-CD48-4049-B699-4653F1851BCC}.Release|x64.Build.0 = Release|x64
		{4352BEBE-CD48-4049-B699-4653F1851BCC}.Release|x86.ActiveCfg = Release|Win32
		{4352BEBE-CD48-4049-B699-4653F1851BCC}.Release|x86.Build.0 = Release|Win32
	EndGlobalSection
	GlobalSection(SolutionProperties) = preSolution
		HideSolutionNode = FALSE
	EndGlobalSection
	GlobalSection(ExtensibilityGlobals) = postSolution
		SolutionGuid = {559559D5-0AE2-4D19-A4FA-47C7C05E4CEA}
	EndGlobalSection
EndGlobal
